{
  "name": "yyjj",
  "version": "1.0.0",
  "lockfileVersion": 1,
  "requires": true,
  "dependencies": {
    "@types/color-name": {
      "version": "1.1.1",
      "resolved": "https://registry.npm.taobao.org/@types/color-name/download/@types/color-name-1.1.1.tgz?cache=0&sync_timestamp=1588200068447&other_urls=https%3A%2F%2Fregistry.npm.taobao.org%2F%40types%2Fcolor-name%2Fdownload%2F%40types%2Fcolor-name-1.1.1.tgz"
    },
    "chalk": {
      "version": "4.1.0",
      "resolved": "https://registry.npm.taobao.org/chalk/download/chalk-4.1.0.tgz?cache=0&sync_timestamp=1591687070184&other_urls=https%3A%2F%2Fregistry.npm.taobao.org%2Fchalk%2Fdownload%2Fchalk-4.1.0.tgz",
      "dependencies": {
        "ansi-styles": {
          "version": "https://registry.npm.taobao.org/ansi-styles/download/ansi-styles-4.2.1.tgz",
          "bundled": true,
          "dependencies": {
            "@types/color-name": {
              "version": "https://registry.npm.taobao.org/@types/color-name/download/@types/color-name-1.1.1.tgz?cache=0&sync_timestamp=1588200068447&other_urls=https%3A%2F%2Fregistry.npm.taobao.org%2F%40types%2Fcolor-name%2Fdownload%2F%40types%2Fcolor-name-1.1.1.tgz"
            },
            "color-convert": {
              "version": "https://registry.npm.taobao.org/color-convert/download/color-convert-2.0.1.tgz"
            }
          }
        },
        "supports-color": {
          "version": "https://registry.npm.taobao.org/supports-color/download/supports-color-7.1.0.tgz",
          "bundled": true,
          "dependencies": {
            "has-flag": {
              "version": "https://registry.npm.taobao.org/has-flag/download/has-flag-4.0.0.tgz"
            }
          }
        }
      }
    },
    "commander": {
      "version": "5.1.0",
      "resolved": "https://registry.npm.taobao.org/commander/download/commander-5.1.0.tgz?cache=0&sync_timestamp=1587781810870&other_urls=https%3A%2F%2Fregistry.npm.taobao.org%2Fcommander%2Fdownload%2Fcommander-5.1.0.tgz"
    },
    "defaults": {
      "version": "1.0.3",
      "resolved": "https://registry.npm.taobao.org/defaults/download/defaults-1.0.3.tgz",
      "dependencies": {
        "clone": {
          "version": "https://registry.npm.taobao.org/clone/download/clone-1.0.4.tgz",
          "bundled": true
        }
      }
    },
    "download-git-repo": {
      "version": "3.0.2",
      "resolved": "https://registry.npm.taobao.org/download-git-repo/download/download-git-repo-3.0.2.tgz",
      "dependencies": {
        "download": {
          "version": "https://registry.npm.taobao.org/download/download/download-7.1.0.tgz?cache=0&sync_timestamp=1585804309684&other_urls=https%3A%2F%2Fregistry.npm.taobao.org%2Fdownload%2Fdownload%2Fdownload-7.1.0.tgz",
          "bundled": true,
          "dependencies": {
            "archive-type": {
              "version": "https://registry.npm.taobao.org/archive-type/download/archive-type-4.0.0.tgz",
              "dependencies": {
                "file-type": {
                  "version": "https://registry.npm.taobao.org/file-type/download/file-type-4.4.0.tgz?cache=0&sync_timestamp=1591535737351&other_urls=https%3A%2F%2Fregistry.npm.taobao.org%2Ffile-type%2Fdownload%2Ffile-type-4.4.0.tgz",
                  "bundled": true
                }
              }
            },
            "caw": {
              "version": "https://registry.npm.taobao.org/caw/download/caw-2.0.1.tgz"
            },
            "content-disposition": {
              "version": "https://registry.npm.taobao.org/content-disposition/download/content-disposition-0.5.3.tgz"
            },
            "decompress": {
              "version": "https://registry.npm.taobao.org/decompress/download/decompress-4.2.1.tgz"
            },
            "ext-name": {
              "version": "https://registry.npm.taobao.org/ext-name/download/ext-name-5.0.0.tgz"
            },
            "file-type": {
              "version": "https://registry.npm.taobao.org/file-type/download/file-type-8.1.0.tgz?cache=0&sync_timestamp=1591535737351&other_urls=https%3A%2F%2Fregistry.npm.taobao.org%2Ffile-type%2Fdownload%2Ffile-type-8.1.0.tgz"
            },
            "filenamify": {
              "version": "https://registry.npm.taobao.org/filenamify/download/filenamify-2.1.0.tgz"
            },
            "get-stream": {
              "version": "https://registry.npm.taobao.org/get-stream/download/get-stream-3.0.0.tgz"
            },
            "got": {
              "version": "https://registry.npm.taobao.org/got/download/got-8.3.2.tgz?cache=0&sync_timestamp=1591374398174&other_urls=https%3A%2F%2Fregistry.npm.taobao.org%2Fgot%2Fdownload%2Fgot-8.3.2.tgz"
            },
            "make-dir": {
              "version": "https://registry.npm.taobao.org/make-dir/download/make-dir-1.3.0.tgz?cache=0&sync_timestamp=1587567572251&other_urls=https%3A%2F%2Fregistry.npm.taobao.org%2Fmake-dir%2Fdownload%2Fmake-dir-1.3.0.tgz",
              "dependencies": {
                "pify": {
                  "version": "https://registry.npm.taobao.org/pify/download/pify-3.0.0.tgz",
                  "bundled": true
                }
              }
            },
            "p-event": {
              "version": "https://registry.npm.taobao.org/p-event/download/p-event-2.3.1.tgz"
            },
            "pify": {
              "version": "https://registry.npm.taobao.org/pify/download/pify-3.0.0.tgz"
            }
          }
        },
        "git-clone": {
          "version": "https://registry.npm.taobao.org/git-clone/download/git-clone-0.1.0.tgz",
          "bundled": true
        },
        "rimraf": {
          "version": "https://registry.npm.taobao.org/rimraf/download/rimraf-3.0.2.tgz?cache=0&sync_timestamp=1581229865753&other_urls=https%3A%2F%2Fregistry.npm.taobao.org%2Frimraf%2Fdownload%2Frimraf-3.0.2.tgz",
          "bundled": true,
          "dependencies": {
            "glob": {
              "version": "https://registry.npm.taobao.org/glob/download/glob-7.1.6.tgz"
            }
          }
        }
      }
    },
    "is-interactive": {
      "version": "1.0.0",
      "resolved": "https://registry.npm.taobao.org/is-interactive/download/is-interactive-1.0.0.tgz"
    },
    "log-symbols": {
      "version": "3.0.0",
      "resolved": "https://registry.npm.taobao.org/log-symbols/download/log-symbols-3.0.0.tgz?cache=0&sync_timestamp=1587898912367&other_urls=https%3A%2F%2Fregistry.npm.taobao.org%2Flog-symbols%2Fdownload%2Flog-symbols-3.0.0.tgz",
      "requires": {
        "chalk": "^2.4.2"
      },
      "dependencies": {
        "ansi-styles": {
          "version": "3.2.1",
          "resolved": "https://registry.npmjs.org/ansi-styles/-/ansi-styles-3.2.1.tgz",
          "integrity": "sha512-VT0ZI6kZRdTh8YyJw3SMbYm/u+NqfsAxEpWO0Pf9sq8/e94WxxOpPKx9FR1FlyCtOVDNOQ+8ntlqFxiRc+r5qA==",
          "requires": {
            "color-convert": "^1.9.0"
          }
        },
        "chalk": {
          "version": "2.4.2",
          "resolved": "https://registry.npmjs.org/chalk/-/chalk-2.4.2.tgz",
          "integrity": "sha512-Mti+f9lpJNcwF4tWV8/OrTTtF1gZi+f8FqlyAdouralcFWFQWF2+NgCHShjkCb+IFBLq9buZwE1xckQU4peSuQ==",
          "requires": {
            "ansi-styles": "^3.2.1",
            "supports-color": "^5.3.0"
          }
        },
        "color-convert": {
          "version": "1.9.3",
          "resolved": "https://registry.npmjs.org/color-convert/-/color-convert-1.9.3.tgz",
          "integrity": "sha512-QfAUtd+vFdAtFQcC8CCyYt1fYWxSqAiK2cSD6zDB8N3cpsEBAvRxp9zOGg6G/SHHJYAT88/az/IuDGALsNVbGg==",
          "requires": {
            "color-name": "1.1.3"
          }
        },
        "color-name": {
          "version": "1.1.3",
          "resolved": "https://registry.npmjs.org/color-name/-/color-name-1.1.3.tgz",
          "integrity": "sha1-p9BVi9icQveV3UIyj3QIMcpTvCU="
        },
        "has-flag": {
          "version": "3.0.0",
          "resolved": "https://registry.npmjs.org/has-flag/-/has-flag-3.0.0.tgz",
          "integrity": "sha1-tdRU3CGZriJWmfNGfloH87lVuv0="
        },
        "supports-color": {
          "version": "5.5.0",
          "resolved": "https://registry.npmjs.org/supports-color/-/supports-color-5.5.0.tgz",
          "integrity": "sha512-QjVjwdXIt408MIiAqCX4oUKsgU2EqAGzs2Ppkm4aQYbjm+ZEWEcW4SfFNTr4uMNZma0ey4f5lgLrkB0aX0QMow==",
          "requires": {
            "has-flag": "^3.0.0"
          }
        }
      }
    },
    "mimic-fn": {
      "version": "2.1.0",
      "resolved": "https://registry.npm.taobao.org/mimic-fn/download/mimic-fn-2.1.0.tgz"
    },
    "mute-stream": {
      "version": "0.0.8",
      "resolved": "https://registry.npm.taobao.org/mute-stream/download/mute-stream-0.0.8.tgz"
    },
    "ora": {
      "version": "4.0.4",
      "resolved": "https://registry.npmjs.org/ora/-/ora-4.0.4.tgz",
      "integrity": "sha512-77iGeVU1cIdRhgFzCK8aw1fbtT1B/iZAvWjS+l/o1x0RShMgxHUZaD2yDpWsNCPwXg9z1ZA78Kbdvr8kBmG/Ww==",
      "requires": {
        "chalk": "^3.0.0",
        "cli-cursor": "^3.1.0",
        "cli-spinners": "^2.2.0",
        "is-interactive": "^1.0.0",
        "log-symbols": "^3.0.0",
        "mute-stream": "0.0.8",
        "strip-ansi": "^6.0.0",
        "wcwidth": "^1.0.1"
      },
      "dependencies": {
        "ansi-regex": {
          "version": "5.0.0",
          "resolved": "https://registry.npmjs.org/ansi-regex/-/ansi-regex-5.0.0.tgz",
          "integrity": "sha512-bY6fj56OUQ0hU1KjFNDQuJFezqKdrAyFdIevADiqrWHwSlbmBNMHp5ak2f40Pm8JTFyM2mqxkG6ngkHO11f/lg=="
        },
        "ansi-styles": {
          "version": "4.2.1",
          "resolved": "https://registry.npmjs.org/ansi-styles/-/ansi-styles-4.2.1.tgz",
          "integrity": "sha512-9VGjrMsG1vePxcSweQsN20KY/c4zN0h9fLjqAbwbPfahM3t+NL+M9HC8xeXG2I8pX5NoamTGNuomEUFI7fcUjA==",
          "requires": {
            "@types/color-name": "^1.1.1",
            "color-convert": "^2.0.1"
          }
        },
        "chalk": {
          "version": "3.0.0",
          "resolved": "https://registry.npmjs.org/chalk/-/chalk-3.0.0.tgz",
          "integrity": "sha512-4D3B6Wf41KOYRFdszmDqMCGq5VV/uMAB273JILmO+3jAlh8X4qDtdtgCR3fxtbLEMzSx22QdhnDcJvu2u1fVwg==",
          "requires": {
            "ansi-styles": "^4.1.0",
            "supports-color": "^7.1.0"
          }
        },
        "cli-cursor": {
          "version": "3.1.0",
          "resolved": "https://registry.npmjs.org/cli-cursor/-/cli-cursor-3.1.0.tgz",
          "integrity": "sha512-I/zHAwsKf9FqGoXM4WWRACob9+SNukZTd94DWF57E4toouRulbCxcUh6RKUEOQlYTHJnzkPMySvPNaaSLNfLZw==",
          "requires": {
            "restore-cursor": "^3.1.0"
          }
        },
        "cli-spinners": {
          "version": "2.3.0",
          "resolved": "https://registry.npmjs.org/cli-spinners/-/cli-spinners-2.3.0.tgz",
          "integrity": "sha512-Xs2Hf2nzrvJMFKimOR7YR0QwZ8fc0u98kdtwN1eNAZzNQgH3vK2pXzff6GJtKh7S5hoJ87ECiAiZFS2fb5Ii2w=="
        },
        "color-convert": {
          "version": "2.0.1",
          "resolved": "https://registry.npmjs.org/color-convert/-/color-convert-2.0.1.tgz",
          "integrity": "sha512-RRECPsj7iu/xb5oKYcsFHSppFNnsj/52OVTRKb4zP5onXwVF3zVmmToNcOfGC+CRDpfK/U584fMg38ZHCaElKQ==",
          "requires": {
            "color-name": "~1.1.4"
          }
        },
        "color-name": {
          "version": "1.1.4",
          "resolved": "https://registry.npmjs.org/color-name/-/color-name-1.1.4.tgz",
          "integrity": "sha512-dOy+3AuW3a2wNbZHIuMZpTcgjGuLU/uBL/ubcZF9OXbDo8ff4O8yVp5Bf0efS8uEoYo5q4Fx7dY9OgQGXgAsQA=="
        },
        "has-flag": {
          "version": "4.0.0",
          "resolved": "https://registry.npmjs.org/has-flag/-/has-flag-4.0.0.tgz",
          "integrity": "sha512-EykJT/Q1KjTWctppgIAgfSO0tKVuZUjhgMr17kqTumMl6Afv3EISleU7qZUzoXDFTAHTDC4NOoG/ZxU3EvlMPQ=="
        },
        "onetime": {
          "version": "5.1.0",
          "resolved": "https://registry.npmjs.org/onetime/-/onetime-5.1.0.tgz",
          "integrity": "sha512-5NcSkPHhwTVFIQN+TUqXoS5+dlElHXdpAWu9I0HP20YOtIi+aZ0Ct82jdlILDxjLEAWwvm+qj1m6aEtsDVmm6Q==",
          "requires": {
            "mimic-fn": "^2.1.0"
          }
        },
        "restore-cursor": {
          "version": "3.1.0",
          "resolved": "https://registry.npmjs.org/restore-cursor/-/restore-cursor-3.1.0.tgz",
          "integrity": "sha512-l+sSefzHpj5qimhFSE5a8nufZYAM3sBSVMAPtYkmC+4EH2anSGaEMXSD0izRQbu9nfyQ9y5JrVmp7E8oZrUjvA==",
          "requires": {
            "onetime": "^5.1.0",
            "signal-exit": "^3.0.2"
          }
        },
        "strip-ansi": {
          "version": "6.0.0",
          "resolved": "https://registry.npmjs.org/strip-ansi/-/strip-ansi-6.0.0.tgz",
          "integrity": "sha512-AuvKTrTfQNYNIctbR1K/YGTR1756GycPsg7b9bdV9Duqur4gv6aKqHXah67Z8ImS7WEz5QVcOtlfW2rZEugt6w==",
          "requires": {
            "ansi-regex": "^5.0.0"
          }
        },
        "supports-color": {
          "version": "7.1.0",
          "resolved": "https://registry.npmjs.org/supports-color/-/supports-color-7.1.0.tgz",
          "integrity": "sha512-oRSIpR8pxT1Wr2FquTNnGet79b3BWljqOuoW/h4oBhxJ/HUbX5nX6JSruTkvXDCFMwDPvsaTTbvMLKZWSy0R5g==",
          "requires": {
            "has-flag": "^4.0.0"
          }
        }
      }
    },
    "signal-exit": {
      "version": "3.0.3",
      "resolved": "https://registry.npm.taobao.org/signal-exit/download/signal-exit-3.0.3.tgz"
    },
    "wcwidth": {
      "version": "1.0.1",
      "resolved": "https://registry.npm.taobao.org/wcwidth/download/wcwidth-1.0.1.tgz",
      "requires": {
        "defaults": "^1.0.3"
      },
      "dependencies": {
        "defaults": {
          "version": "https://registry.npm.taobao.org/defaults/download/defaults-1.0.3.tgz",
          "bundled": true
        }
      }
    }
  }
}
